
Microsoft Visual Studio Solution File, Format Version 12.00
# Visual Studio Version 16
VisualStudioVersion = 16.0.29424.173
MinimumVisualStudioVersion = 10.0.40219.1
Project("{FAE04EC0-301F-11D3-BF4B-00C04F79EFBC}") = "VNEngine", "VNEngine\VNEngine.csproj", "{C030C05D-08A0-4B1C-8FE3-5FEA4C141DCB}"
EndProject
Project("{FAE04EC0-301F-11D3-BF4B-00C04F79EFBC}") = "QuickTesting", "QuickTesting\QuickTesting.csproj", "{2FDD2E26-6E31-400D-8AC2-66082620B2DC}"
EndProject
Project("{FAE04EC0-301F-11D3-BF4B-00C04F79EFBC}") = "CreationGUI", "CreationGUI\CreationGUI.csproj", "{AEDC2355-3D34-4CBF-ABBD-F62620F2FFF0}"
EndProject
Project("{FAE04EC0-301F-11D3-BF4B-00C04F79EFBC}") = "GameGUI", "GameGUI\GameGUI.csproj", "{3995F31F-0A91-4F61-A451-F5D97621418F}"
EndProject
Global
	GlobalSection(SolutionConfigurationPlatforms) = preSolution
		Debug|Any CPU = Debug|Any CPU
		Release|Any CPU = Release|Any CPU
	EndGlobalSection
	GlobalSection(ProjectConfigurationPlatforms) = postSolution
		{C030C05D-08A0-4B1C-8FE3-5FEA4C141DCB}.Debug|Any CPU.ActiveCfg = Debug|Any CPU
		{C030C05D-08A0-4B1C-8FE3-5FEA4C141DCB}.Debug|Any CPU.Build.0 = Debug|Any CPU
		{C030C05D-08A0-4B1C-8FE3-5FEA4C141DCB}.Release|Any CPU.ActiveCfg = Release|Any CPU
		{C030C05D-08A0-4B1C-8FE3-5FEA4C141DCB}.Release|Any CPU.Build.0 = Release|Any CPU
		{2FDD2E26-6E31-400D-8AC2-66082620B2DC}.Debug|Any CPU.ActiveCfg = Debug|Any CPU
		{2FDD2E26-6E31-400D-8AC2-66082620B2DC}.Debug|Any CPU.Build.0 = Debug|Any CPU
		{2FDD2E26-6E31-400D-8AC2-66082620B2DC}.Release|Any CPU.ActiveCfg = Release|Any CPU
		{2FDD2E26-6E31-400D-8AC2-66082620B2DC}.Release|Any CPU.Build.0 = Release|Any CPU
		{AEDC2355-3D34-4CBF-ABBD-F62620F2FFF0}.Debug|Any CPU.ActiveCfg = Debug|Any CPU
		{AEDC2355-3D34-4CBF-ABBD-F62620F2FFF0}.Debug|Any CPU.Build.0 = Debug|Any CPU
		{AEDC2355-3D34-4CBF-ABBD-F62620F2FFF0}.Release|Any CPU.ActiveCfg = Release|Any CPU
		{AEDC2355-3D34-4CBF-ABBD-F62620F2FFF0}.Release|Any CPU.Build.0 = Release|Any CPU
		{3995F31F-0A91-4F61-A451-F5D97621418F}.Debug|Any CPU.ActiveCfg = Debug|Any CPU
		{3995F31F-0A91-4F61-A451-F5D97621418F}.Debug|Any CPU.Build.0 = Debug|Any CPU
		{3995F31F-0A91-4F61-A451-F5D97621418F}.Release|Any CPU.ActiveCfg = Release|Any CPU
		{3995F31F-0A91-4F61-A451-F5D97621418F}.Release|Any CPU.Build.0 = Release|Any CPU
	EndGlobalSection
	GlobalSection(SolutionProperties) = preSolution
		HideSolutionNode = FALSE
	EndGlobalSection
	GlobalSection(ExtensibilityGlobals) = postSolution
		SolutionGuid = {39920B21-E0EC-4DC1-85F8-21499F1D567D}
	EndGlobalSection
EndGlobal
